Microsoft Visual Studio Solution File, Format Version 12.00
# Visual Studio Version 17
VisualStudioVersion = 17.0.31903.59
MinimumVisualStudioVersion = 10.0.40219.1
Project("{FAE04EC0-301F-11D3-BF4B-00C04F79EFBC}") = "OpcUA_Server", "OpcUA_Server.csproj", "{DE1FB566-9690-4FD3-A077-5CD79F893ECA}"
EndProject
Global
 GlobalSection(SolutionConfigurationPlatforms) = preSolution
  Debug|Any CPU = Debug|Any CPU
  Release|Any CPU = Release|Any CPU
 EndGlobalSection
 GlobalSection(ProjectConfigurationPlatforms) = postSolution
  {DE1FB566-9690-4FD3-A077-5CD79F893ECA}.Debug|Any CPU.ActiveCfg = Debug|Any CPU
  {DE1FB566-9690-4FD3-A077-5CD79F893ECA}.Debug|Any CPU.Build.0 = Debug|Any CPU
  {DE1FB566-9690-4FD3-A077-5CD79F893ECA}.Release|Any CPU.ActiveCfg = Release|Any CPU
  {DE1FB566-9690-4FD3-A077-5CD79F893ECA}.Release|Any CPU.Build.0 = Release|Any CPU
 EndGlobalSection
EndGlobal