
Microsoft Visual Studio Solution File, Format Version 12.00
# Visual Studio Version 17
VisualStudioVersion = 17.0.31903.59
MinimumVisualStudioVersion = 10.0.40219.1
Project("{2150E333-8FDC-42A3-9474-1A3956D46DE8}") = "AppHost", "AppHost", "{90DCE71B-4939-B80A-CE8C-85DE2210C7AC}"
EndProject
Project("{FAE04EC0-301F-11D3-BF4B-00C04F79EFBC}") = "OpcUaHost", "AppHost\OpcUaHost.csproj", "{7729F515-E25D-4D55-9696-35B1ABEF43DA}"
EndProject
Project("{FAE04EC0-301F-11D3-BF4B-00C04F79EFBC}") = "OpcUA_Server", "OpcUA_Server.csproj", "{4DE9B8D4-9A10-484A-9C8E-E60A0CFF2711}"
EndProject
Project("{2150E333-8FDC-42A3-9474-1A3956D46DE8}") = "Dashboard", "Dashboard", "{2360F3E6-04C8-649D-5938-B5231601C01C}"
EndProject
Project("{FAE04EC0-301F-11D3-BF4B-00C04F79EFBC}") = "OpcUA_Server.Dashboard", "Dashboard\OpcUA_Server.Dashboard.csproj", "{455EE2A1-0E67-469A-88E7-03EAD5BFBEDC}"
EndProject
Global
	GlobalSection(SolutionConfigurationPlatforms) = preSolution
		Debug|Any CPU = Debug|Any CPU
		Debug|x64 = Debug|x64
		Debug|x86 = Debug|x86
		Release|Any CPU = Release|Any CPU
		Release|x64 = Release|x64
		Release|x86 = Release|x86
	EndGlobalSection
	GlobalSection(ProjectConfigurationPlatforms) = postSolution
		{7729F515-E25D-4D55-9696-35B1ABEF43DA}.Debug|Any CPU.ActiveCfg = Debug|Any CPU
		{7729F515-E25D-4D55-9696-35B1ABEF43DA}.Debug|Any CPU.Build.0 = Debug|Any CPU
		{7729F515-E25D-4D55-9696-35B1ABEF43DA}.Debug|x64.ActiveCfg = Debug|Any CPU
		{7729F515-E25D-4D55-9696-35B1ABEF43DA}.Debug|x64.Build.0 = Debug|Any CPU
		{7729F515-E25D-4D55-9696-35B1ABEF43DA}.Debug|x86.ActiveCfg = Debug|Any CPU
		{7729F515-E25D-4D55-9696-35B1ABEF43DA}.Debug|x86.Build.0 = Debug|Any CPU
		{7729F515-E25D-4D55-9696-35B1ABEF43DA}.Release|Any CPU.ActiveCfg = Release|Any CPU
		{7729F515-E25D-4D55-9696-35B1ABEF43DA}.Release|Any CPU.Build.0 = Release|Any CPU
		{7729F515-E25D-4D55-9696-35B1ABEF43DA}.Release|x64.ActiveCfg = Release|Any CPU
		{7729F515-E25D-4D55-9696-35B1ABEF43DA}.Release|x64.Build.0 = Release|Any CPU
		{7729F515-E25D-4D55-9696-35B1ABEF43DA}.Release|x86.ActiveCfg = Release|Any CPU
		{7729F515-E25D-4D55-9696-35B1ABEF43DA}.Release|x86.Build.0 = Release|Any CPU
		{4DE9B8D4-9A10-484A-9C8E-E60A0CFF2711}.Debug|Any CPU.ActiveCfg = Debug|Any CPU
		{4DE9B8D4-9A10-484A-9C8E-E60A0CFF2711}.Debug|Any CPU.Build.0 = Debug|Any CPU
		{4DE9B8D4-9A10-484A-9C8E-E60A0CFF2711}.Debug|x64.ActiveCfg = Debug|Any CPU
		{4DE9B8D4-9A10-484A-9C8E-E60A0CFF2711}.Debug|x64.Build.0 = Debug|Any CPU
		{4DE9B8D4-9A10-484A-9C8E-E60A0CFF2711}.Debug|x86.ActiveCfg = Debug|Any CPU
		{4DE9B8D4-9A10-484A-9C8E-E60A0CFF2711}.Debug|x86.Build.0 = Debug|Any CPU
		{4DE9B8D4-9A10-484A-9C8E-E60A0CFF2711}.Release|Any CPU.ActiveCfg = Release|Any CPU
		{4DE9B8D4-9A10-484A-9C8E-E60A0CFF2711}.Release|Any CPU.Build.0 = Release|Any CPU
		{4DE9B8D4-9A10-484A-9C8E-E60A0CFF2711}.Release|x64.ActiveCfg = Release|Any CPU
		{4DE9B8D4-9A10-484A-9C8E-E60A0CFF2711}.Release|x64.Build.0 = Release|Any CPU
		{4DE9B8D4-9A10-484A-9C8E-E60A0CFF2711}.Release|x86.ActiveCfg = Release|Any CPU
		{4DE9B8D4-9A10-484A-9C8E-E60A0CFF2711}.Release|x86.Build.0 = Release|Any CPU
		{455EE2A1-0E67-469A-88E7-03EAD5BFBEDC}.Debug|Any CPU.ActiveCfg = Debug|Any CPU
		{455EE2A1-0E67-469A-88E7-03EAD5BFBEDC}.Debug|Any CPU.Build.0 = Debug|Any CPU
		{455EE2A1-0E67-469A-88E7-03EAD5BFBEDC}.Debug|x64.ActiveCfg = Debug|Any CPU
		{455EE2A1-0E67-469A-88E7-03EAD5BFBEDC}.Debug|x64.Build.0 = Debug|Any CPU
		{455EE2A1-0E67-469A-88E7-03EAD5BFBEDC}.Debug|x86.ActiveCfg = Debug|Any CPU
		{455EE2A1-0E67-469A-88E7-03EAD5BFBEDC}.Debug|x86.Build.0 = Debug|Any CPU
		{455EE2A1-0E67-469A-88E7-03EAD5BFBEDC}.Release|Any CPU.ActiveCfg = Release|Any CPU
		{455EE2A1-0E67-469A-88E7-03EAD5BFBEDC}.Release|Any CPU.Build.0 = Release|Any CPU
		{455EE2A1-0E67-469A-88E7-03EAD5BFBEDC}.Release|x64.ActiveCfg = Release|Any CPU
		{455EE2A1-0E67-469A-88E7-03EAD5BFBEDC}.Release|x64.Build.0 = Release|Any CPU
		{455EE2A1-0E67-469A-88E7-03EAD5BFBEDC}.Release|x86.ActiveCfg = Release|Any CPU
		{455EE2A1-0E67-469A-88E7-03EAD5BFBEDC}.Release|x86.Build.0 = Release|Any CPU
	EndGlobalSection
	GlobalSection(SolutionProperties) = preSolution
		HideSolutionNode = FALSE
	EndGlobalSection
	GlobalSection(NestedProjects) = preSolution
		{7729F515-E25D-4D55-9696-35B1ABEF43DA} = {90DCE71B-4939-B80A-CE8C-85DE2210C7AC}
		{455EE2A1-0E67-469A-88E7-03EAD5BFBEDC} = {2360F3E6-04C8-649D-5938-B5231601C01C}
	EndGlobalSection
EndGlobal
